
Microsoft Visual Studio Solution File, Format Version 12.00
# Visual Studio Version 17
VisualStudioVersion = 17.2.32630.192
MinimumVisualStudioVersion = 10.0.40219.1
Project("{FAE04EC0-301F-11D3-BF4B-00C04F79EFBC}") = "2022NEW", "2022NEW\2022NEW.csproj", "{15C65F60-749D-4FF4-9643-7F422019C72A}"
EndProject
Project("{54435603-DBB4-11D2-8724-00A0C9A8B90C}") = "소사-원시 Test", "소사-원시 Test\소사-원시 Test.vdproj", "{3B325879-EFE8-42EF-8F24-A26DF65F57E1}"
EndProject
Global
	GlobalSection(SolutionConfigurationPlatforms) = preSolution
		Debug|Any CPU = Debug|Any CPU
		Release|Any CPU = Release|Any CPU
	EndGlobalSection
	GlobalSection(ProjectConfigurationPlatforms) = postSolution
		{15C65F60-749D-4FF4-9643-7F422019C72A}.Debug|Any CPU.ActiveCfg = Debug|Any CPU
		{15C65F60-749D-4FF4-9643-7F422019C72A}.Debug|Any CPU.Build.0 = Debug|Any CPU
		{15C65F60-749D-4FF4-9643-7F422019C72A}.Release|Any CPU.ActiveCfg = Release|Any CPU
		{15C65F60-749D-4FF4-9643-7F422019C72A}.Release|Any CPU.Build.0 = Release|Any CPU
		{3B325879-EFE8-42EF-8F24-A26DF65F57E1}.Debug|Any CPU.ActiveCfg = Debug
		{3B325879-EFE8-42EF-8F24-A26DF65F57E1}.Release|Any CPU.ActiveCfg = Release
	EndGlobalSection
	GlobalSection(SolutionProperties) = preSolution
		HideSolutionNode = FALSE
	EndGlobalSection
	GlobalSection(ExtensibilityGlobals) = postSolution
		SolutionGuid = {0BFA05C3-47F7-4853-8C72-6CE149369AA7}
	EndGlobalSection
EndGlobal
